{
  "version": 4,
  "terraform_version": "1.13.5",
  "serial": 192,
  "lineage": "d11a6991-6b0d-a8c8-d502-9afa9e06b6a8",
  "outputs": {
    "ec2_ip": {
      "value": "",
      "type": "string"
    },
    "environment": {
      "value": "dev",
      "type": "string"
    },
    "instance_id": {
      "value": "i-082f3b35881e50349",
      "type": "string"
    },
    "instance_status": {
      "value": "running",
      "type": "string"
    },
    "s3_bucket": {
      "value": "idriss-backup-bucket-dev",
      "type": "string"
    },
    "ssm_connection_command": {
      "value": "aws ssm start-session --target i-082f3b35881e50349 --region us-east-1",
      "type": "string"
    },
    "ssm_session_policy_arn": {
      "value": "arn:aws:iam::104044935544:policy/ssm-session-start-policy-dev",
      "type": "string"
    },
    "subnet_id": {
      "value": "subnet-0f955c0d6e0309be3",
      "type": "string"
    },
    "vpc_id": {
      "value": "vpc-063ec1af8c7663581",
      "type": "string"
    }
  },
  "resources": [
    {
      "mode": "data",
      "type": "aws_vpcs",
      "name": "by_name",
      "provider": "provider[\"registry.terraform.io/hashicorp/aws\"]",
      "instances": [
        {
          "schema_version": 0,
          "attributes": {
            "filter": [
              {
                "name": "tag:Name",
                "values": [
                  "MyVPC"
                ]
              }
            ],
            "id": "us-east-1",
            "ids": [],
            "region": "us-east-1",
            "tags": null,
            "timeouts": null
          },
          "sensitive_attributes": [],
          "identity_schema_version": 0
        }
      ]
    },
    {
      "mode": "managed",
      "type": "aws_iam_instance_profile",
      "name": "profile",
      "provider": "provider[\"registry.terraform.io/hashicorp/aws\"]",
      "instances": [
        {
          "schema_version": 0,
          "attributes": {
            "arn": "arn:aws:iam::104044935544:instance-profile/ec2_s3_profile_dev",
            "create_date": "2025-11-17T19:11:01Z",
            "id": "ec2_s3_profile_dev",
            "name": "ec2_s3_profile_dev",
            "name_prefix": "",
            "path": "/",
            "role": "ec2_s3_backup_role_dev",
            "tags": null,
            "tags_all": {},
            "unique_id": "AIPARQOMPXF4MW3ZXU65A"
          },
          "sensitive_attributes": [],
          "identity_schema_version": 0,
          "private": "bnVsbA==",
          "dependencies": [
            "aws_iam_role.ec2_role"
          ]
        }
      ]
    },
    {
      "mode": "managed",
      "type": "aws_iam_policy",
      "name": "ssm_session_start_policy",
      "provider": "provider[\"registry.terraform.io/hashicorp/aws\"]",
      "instances": [
        {
          "schema_version": 0,
          "attributes": {
            "arn": "arn:aws:iam::104044935544:policy/ssm-session-start-policy-dev",
            "attachment_count": 0,
            "description": "Allows starting and managing SSM Session Manager sessions (for console/CLI access).",
            "id": "arn:aws:iam::104044935544:policy/ssm-session-start-policy-dev",
            "name": "ssm-session-start-policy-dev",
            "name_prefix": "",
            "path": "/",
            "policy": "{\"Statement\":[{\"Action\":[\"ssm:StartSession\",\"ssm:TerminateSession\",\"ssm:ResumeSession\",\"ssm:DescribeInstanceInformation\",\"ssm:DescribeSessions\",\"ssm:GetConnectionStatus\",\"ssm:DescribeInstanceProperties\"],\"Effect\":\"Allow\",\"Resource\":\"*\"},{\"Action\":[\"ssmmessages:CreateControlChannel\",\"ssmmessages:CreateDataChannel\",\"ssmmessages:OpenControlChannel\",\"ssmmessages:OpenDataChannel\",\"ssmmessages:SendMessage\"],\"Effect\":\"Allow\",\"Resource\":\"*\"}],\"Version\":\"2012-10-17\"}",
            "policy_id": "ANPARQOMPXF4PGC6RGYIZ",
            "tags": null,
            "tags_all": {}
          },
          "sensitive_attributes": [],
          "identity_schema_version": 0,
          "identity": {
            "arn": "arn:aws:iam::104044935544:policy/ssm-session-start-policy-dev"
          },
          "private": "bnVsbA=="
        }
      ]
    },
    {
      "mode": "managed",
      "type": "aws_iam_role",
      "name": "ec2_role",
      "provider": "provider[\"registry.terraform.io/hashicorp/aws\"]",
      "instances": [
        {
          "schema_version": 0,
          "attributes": {
            "arn": "arn:aws:iam::104044935544:role/ec2_s3_backup_role_dev",
            "assume_role_policy": "{\"Statement\":[{\"Action\":\"sts:AssumeRole\",\"Effect\":\"Allow\",\"Principal\":{\"Service\":\"ec2.amazonaws.com\"}}],\"Version\":\"2012-10-17\"}",
            "create_date": "2025-11-17T19:11:01Z",
            "description": "",
            "force_detach_policies": false,
            "id": "ec2_s3_backup_role_dev",
            "inline_policy": [],
            "managed_policy_arns": [],
            "max_session_duration": 3600,
            "name": "ec2_s3_backup_role_dev",
            "name_prefix": "",
            "path": "/",
            "permissions_boundary": "",
            "tags": null,
            "tags_all": {},
            "unique_id": "AROARQOMPXF4BWPW4OOSD"
          },
          "sensitive_attributes": [],
          "identity_schema_version": 0,
          "identity": {
            "account_id": "104044935544",
            "name": "ec2_s3_backup_role_dev"
          },
          "private": "bnVsbA=="
        }
      ]
    },
    {
      "mode": "managed",
      "type": "aws_iam_role_policy",
      "name": "ec2_policy",
      "provider": "provider[\"registry.terraform.io/hashicorp/aws\"]",
      "instances": [
        {
          "schema_version": 0,
          "attributes": {
            "id": "ec2_s3_backup_role_dev:ec2_s3_policy_dev",
            "name": "ec2_s3_policy_dev",
            "name_prefix": "",
            "policy": "{\"Version\":\"2012-10-17\",\"Statement\":[{\"Action\":[\"s3:*\"],\"Effect\":\"Allow\",\"Resource\":\"*\"}]}",
            "role": "ec2_s3_backup_role_dev"
          },
          "sensitive_attributes": [],
          "identity_schema_version": 0,
          "identity": {
            "account_id": "104044935544",
            "name": "ec2_s3_policy_dev",
            "role": "ec2_s3_backup_role_dev"
          },
          "private": "bnVsbA==",
          "dependencies": [
            "aws_iam_role.ec2_role"
          ]
        }
      ]
    },
    {
      "mode": "managed",
      "type": "aws_iam_role_policy_attachment",
      "name": "ssm_managed_instance_core",
      "provider": "provider[\"registry.terraform.io/hashicorp/aws\"]",
      "instances": [
        {
          "schema_version": 0,
          "attributes": {
            "id": "ec2_s3_backup_role_dev/arn:aws:iam::aws:policy/AmazonSSMManagedInstanceCore",
            "policy_arn": "arn:aws:iam::aws:policy/AmazonSSMManagedInstanceCore",
            "role": "ec2_s3_backup_role_dev"
          },
          "sensitive_attributes": [],
          "identity_schema_version": 0,
          "identity": {
            "account_id": "104044935544",
            "policy_arn": "arn:aws:iam::aws:policy/AmazonSSMManagedInstanceCore",
            "role": "ec2_s3_backup_role_dev"
          },
          "private": "bnVsbA==",
          "dependencies": [
            "aws_iam_role.ec2_role"
          ]
        }
      ]
    },
    {
      "mode": "managed",
      "type": "aws_instance",
      "name": "backup_ec2",
      "provider": "provider[\"registry.terraform.io/hashicorp/aws\"]",
      "instances": [
        {
          "schema_version": 2,
          "attributes": {
            "ami": "ami-0c02fb55956c7d316",
            "arn": "arn:aws:ec2:us-east-1:104044935544:instance/i-082f3b35881e50349",
            "associate_public_ip_address": false,
            "availability_zone": "us-east-1d",
            "capacity_reservation_specification": [
              {
                "capacity_reservation_preference": "open",
                "capacity_reservation_target": []
              }
            ],
            "cpu_options": [
              {
                "amd_sev_snp": "",
                "core_count": 1,
                "threads_per_core": 1
              }
            ],
            "credit_specification": [
              {
                "cpu_credits": "standard"
              }
            ],
            "disable_api_stop": false,
            "disable_api_termination": false,
            "ebs_block_device": [],
            "ebs_optimized": false,
            "enable_primary_ipv6": null,
            "enclave_options": [
              {
                "enabled": false
              }
            ],
            "ephemeral_block_device": [],
            "force_destroy": false,
            "get_password_data": false,
            "hibernation": false,
            "host_id": "",
            "host_resource_group_arn": null,
            "iam_instance_profile": "ec2_s3_profile_dev",
            "id": "i-082f3b35881e50349",
            "instance_initiated_shutdown_behavior": "stop",
            "instance_lifecycle": "",
            "instance_market_options": [],
            "instance_state": "running",
            "instance_type": "t2.micro",
            "ipv6_address_count": 0,
            "ipv6_addresses": [],
            "key_name": "",
            "launch_template": [],
            "maintenance_options": [
              {
                "auto_recovery": "default"
              }
            ],
            "metadata_options": [
              {
                "http_endpoint": "enabled",
                "http_protocol_ipv6": "disabled",
                "http_put_response_hop_limit": 1,
                "http_tokens": "optional",
                "instance_metadata_tags": "disabled"
              }
            ],
            "monitoring": false,
            "network_interface": [],
            "outpost_arn": "",
            "password_data": "",
            "placement_group": "",
            "placement_group_id": "",
            "placement_partition_number": 0,
            "primary_network_interface": [
              {
                "delete_on_termination": true,
                "network_interface_id": "eni-09e485ea9d2c971e0"
              }
            ],
            "primary_network_interface_id": "eni-09e485ea9d2c971e0",
            "private_dns": "ip-10-0-1-111.ec2.internal",
            "private_dns_name_options": [
              {
                "enable_resource_name_dns_a_record": false,
                "enable_resource_name_dns_aaaa_record": false,
                "hostname_type": "ip-name"
              }
            ],
            "private_ip": "10.0.1.111",
            "public_dns": "",
            "public_ip": "",
            "region": "us-east-1",
            "root_block_device": [
              {
                "delete_on_termination": true,
                "device_name": "/dev/xvda",
                "encrypted": false,
                "iops": 100,
                "kms_key_id": "",
                "tags": {},
                "tags_all": {},
                "throughput": 0,
                "volume_id": "vol-01dc2d18bafe3b9c8",
                "volume_size": 8,
                "volume_type": "gp2"
              }
            ],
            "secondary_private_ips": [],
            "security_groups": [],
            "source_dest_check": true,
            "spot_instance_request_id": "",
            "subnet_id": "subnet-0f955c0d6e0309be3",
            "tags": {
              "Name": "ec2-backup-dev"
            },
            "tags_all": {
              "Name": "ec2-backup-dev"
            },
            "tenancy": "default",
            "timeouts": null,
            "user_data": "#!/bin/bash\r\nset -ex\r\n\r\necho \"=== Starting EC2 User Data Script ===\" \u003e\u003e /var/log/user-data.log\r\ndate \u003e\u003e /var/log/user-data.log\r\n\r\n# Update system and ensure SSM Agent is running\r\necho \"Updating yum packages...\" \u003e\u003e /var/log/user-data.log\r\nyum update -y \u003e\u003e /var/log/user-data.log 2\u003e\u00261 || true\r\n\r\necho \"Installing required packages...\" \u003e\u003e /var/log/user-data.log\r\nyum install -y awscli amazon-ssm-agent \u003e\u003e /var/log/user-data.log 2\u003e\u00261 || true\r\n\r\n# Ensure SSM Agent is enabled and running\r\necho \"Starting SSM Agent...\" \u003e\u003e /var/log/user-data.log\r\nsystemctl enable amazon-ssm-agent \u003e\u003e /var/log/user-data.log 2\u003e\u00261\r\nsystemctl start amazon-ssm-agent \u003e\u003e /var/log/user-data.log 2\u003e\u00261\r\nsystemctl status amazon-ssm-agent \u003e\u003e /var/log/user-data.log 2\u003e\u00261\r\n\r\n# Create test files\r\necho \"Creating test files...\" \u003e\u003e /var/log/user-data.log\r\nmkdir -p /opt/testfiles || echo \"Failed to create /opt/testfiles\" \u003e\u003e /var/log/user-data.log\r\nif [ -d /opt/testfiles ]; then\r\n  echo \"File1 created at $$(date)\" \u003e /opt/testfiles/file1.txt\r\n  echo \"File2 created at $$(date)\" \u003e /opt/testfiles/file2.txt\r\n  echo \"File3 created at $$(date)\" \u003e /opt/testfiles/file3.txt\r\n  ls -la /opt/testfiles/ \u003e\u003e /var/log/user-data.log\r\n  echo \"Test files created successfully\" \u003e\u003e /var/log/user-data.log\r\nelse\r\n  echo \"ERROR: /opt/testfiles directory does not exist\" \u003e\u003e /var/log/user-data.log\r\nfi\r\n\r\n# Create backup script\r\necho \"Creating backup script...\" \u003e\u003e /var/log/user-data.log\r\nmkdir -p /usr/local/bin\r\ncat \u003e /usr/local/bin/s3_backup.sh \u003c\u003c 'SCRIPT'\r\n#!/bin/bash\r\nENV=\"dev\"\r\naws s3 cp /opt/testfiles s3://idriss-backup-bucket-$$ENV/ --recursive\r\nSCRIPT\r\nchmod +x /usr/local/bin/s3_backup.sh\r\necho \"Backup script created\" \u003e\u003e /var/log/user-data.log\r\n\r\n# Create cron job to run every 3 hours\r\necho \"Setting up cron job...\" \u003e\u003e /var/log/user-data.log\r\necho \"0 */3 * * * root /usr/local/bin/s3_backup.sh\" \u003e\u003e /etc/crontab\r\ncrontab -l \u003e\u003e /var/log/user-data.log 2\u003e\u00261 || true\r\necho \"Cron job configured\" \u003e\u003e /var/log/user-data.log\r\n\r\necho \"=== User Data Script Completed ===\" \u003e\u003e /var/log/user-data.log\r\ndate \u003e\u003e /var/log/user-data.log\r\n",
            "user_data_base64": null,
            "user_data_replace_on_change": false,
            "volume_tags": null,
            "vpc_security_group_ids": [
              "sg-019eed8a17fd48635"
            ]
          },
          "sensitive_attributes": [],
          "identity_schema_version": 0,
          "identity": {
            "account_id": "104044935544",
            "id": "i-082f3b35881e50349",
            "region": "us-east-1"
          },
          "private": "eyJlMmJmYjczMC1lY2FhLTExZTYtOGY4OC0zNDM2M2JjN2M0YzAiOnsiY3JlYXRlIjo2MDAwMDAwMDAwMDAsImRlbGV0ZSI6MTIwMDAwMDAwMDAwMCwicmVhZCI6OTAwMDAwMDAwMDAwLCJ1cGRhdGUiOjYwMDAwMDAwMDAwMH0sInNjaGVtYV92ZXJzaW9uIjoiMiJ9",
          "dependencies": [
            "aws_iam_instance_profile.profile",
            "aws_iam_role.ec2_role",
            "aws_security_group.ec2_sg",
            "aws_subnet.fallback",
            "aws_vpc.fallback",
            "data.aws_vpc.selected",
            "data.aws_vpcs.by_name"
          ]
        }
      ]
    },
    {
      "mode": "managed",
      "type": "aws_internet_gateway",
      "name": "fallback",
      "provider": "provider[\"registry.terraform.io/hashicorp/aws\"]",
      "instances": [
        {
          "index_key": 0,
          "schema_version": 0,
          "attributes": {
            "arn": "arn:aws:ec2:us-east-1:104044935544:internet-gateway/igw-01ac55b730d739204",
            "id": "igw-01ac55b730d739204",
            "owner_id": "104044935544",
            "region": "us-east-1",
            "tags": {
              "Name": "fallback-igw"
            },
            "tags_all": {
              "Name": "fallback-igw"
            },
            "timeouts": null,
            "vpc_id": "vpc-063ec1af8c7663581"
          },
          "sensitive_attributes": [],
          "identity_schema_version": 0,
          "private": "eyJlMmJmYjczMC1lY2FhLTExZTYtOGY4OC0zNDM2M2JjN2M0YzAiOnsiY3JlYXRlIjoxMjAwMDAwMDAwMDAwLCJkZWxldGUiOjEyMDAwMDAwMDAwMDAsInVwZGF0ZSI6MTIwMDAwMDAwMDAwMH19",
          "dependencies": [
            "aws_vpc.fallback",
            "data.aws_vpc.selected",
            "data.aws_vpcs.by_name"
          ]
        }
      ]
    },
    {
      "mode": "managed",
      "type": "aws_route_table",
      "name": "fallback",
      "provider": "provider[\"registry.terraform.io/hashicorp/aws\"]",
      "instances": [
        {
          "index_key": 0,
          "schema_version": 0,
          "attributes": {
            "arn": "arn:aws:ec2:us-east-1:104044935544:route-table/rtb-09e4053be480a7520",
            "id": "rtb-09e4053be480a7520",
            "owner_id": "104044935544",
            "propagating_vgws": [],
            "region": "us-east-1",
            "route": [
              {
                "carrier_gateway_id": "",
                "cidr_block": "0.0.0.0/0",
                "core_network_arn": "",
                "destination_prefix_list_id": "",
                "egress_only_gateway_id": "",
                "gateway_id": "igw-01ac55b730d739204",
                "ipv6_cidr_block": "",
                "local_gateway_id": "",
                "nat_gateway_id": "",
                "network_interface_id": "",
                "transit_gateway_id": "",
                "vpc_endpoint_id": "",
                "vpc_peering_connection_id": ""
              }
            ],
            "tags": {
              "Name": "fallback-rt"
            },
            "tags_all": {
              "Name": "fallback-rt"
            },
            "timeouts": null,
            "vpc_id": "vpc-063ec1af8c7663581"
          },
          "sensitive_attributes": [],
          "identity_schema_version": 0,
          "identity": {
            "account_id": "104044935544",
            "id": "rtb-09e4053be480a7520",
            "region": "us-east-1"
          },
          "private": "eyJlMmJmYjczMC1lY2FhLTExZTYtOGY4OC0zNDM2M2JjN2M0YzAiOnsiY3JlYXRlIjozMDAwMDAwMDAwMDAsImRlbGV0ZSI6MzAwMDAwMDAwMDAwLCJ1cGRhdGUiOjEyMDAwMDAwMDAwMH19",
          "dependencies": [
            "aws_internet_gateway.fallback",
            "aws_vpc.fallback",
            "data.aws_vpc.selected",
            "data.aws_vpcs.by_name"
          ]
        }
      ]
    },
    {
      "mode": "managed",
      "type": "aws_route_table_association",
      "name": "fallback",
      "provider": "provider[\"registry.terraform.io/hashicorp/aws\"]",
      "instances": [
        {
          "index_key": 0,
          "schema_version": 0,
          "attributes": {
            "gateway_id": "",
            "id": "rtbassoc-06e53bbf002d5e22a",
            "region": "us-east-1",
            "route_table_id": "rtb-09e4053be480a7520",
            "subnet_id": "subnet-0f955c0d6e0309be3",
            "timeouts": null
          },
          "sensitive_attributes": [],
          "identity_schema_version": 0,
          "private": "eyJlMmJmYjczMC1lY2FhLTExZTYtOGY4OC0zNDM2M2JjN2M0YzAiOnsiY3JlYXRlIjozMDAwMDAwMDAwMDAsImRlbGV0ZSI6MzAwMDAwMDAwMDAwLCJ1cGRhdGUiOjEyMDAwMDAwMDAwMH19",
          "dependencies": [
            "aws_internet_gateway.fallback",
            "aws_route_table.fallback",
            "aws_subnet.fallback",
            "aws_vpc.fallback",
            "data.aws_vpc.selected",
            "data.aws_vpcs.by_name"
          ]
        }
      ]
    },
    {
      "mode": "managed",
      "type": "aws_s3_bucket",
      "name": "backup_bucket",
      "provider": "provider[\"registry.terraform.io/hashicorp/aws\"]",
      "instances": [
        {
          "schema_version": 0,
          "attributes": {
            "acceleration_status": "",
            "acl": null,
            "arn": "arn:aws:s3:::idriss-backup-bucket-dev",
            "bucket": "idriss-backup-bucket-dev",
            "bucket_domain_name": "idriss-backup-bucket-dev.s3.amazonaws.com",
            "bucket_prefix": "",
            "bucket_region": "us-east-1",
            "bucket_regional_domain_name": "idriss-backup-bucket-dev.s3.us-east-1.amazonaws.com",
            "cors_rule": [],
            "force_destroy": true,
            "grant": [
              {
                "id": "0883866b7faf65e0f3b6bea64647ec1f97050d5a90346b2e09129a6ccb5d2afd",
                "permissions": [
                  "FULL_CONTROL"
                ],
                "type": "CanonicalUser",
                "uri": ""
              }
            ],
            "hosted_zone_id": "Z3AQBSTGFYJSTF",
            "id": "idriss-backup-bucket-dev",
            "lifecycle_rule": [],
            "logging": [],
            "object_lock_configuration": [],
            "object_lock_enabled": false,
            "policy": "",
            "region": "us-east-1",
            "replication_configuration": [],
            "request_payer": "BucketOwner",
            "server_side_encryption_configuration": [
              {
                "rule": [
                  {
                    "apply_server_side_encryption_by_default": [
                      {
                        "kms_master_key_id": "",
                        "sse_algorithm": "AES256"
                      }
                    ],
                    "bucket_key_enabled": false
                  }
                ]
              }
            ],
            "tags": null,
            "tags_all": {},
            "timeouts": null,
            "versioning": [
              {
                "enabled": false,
                "mfa_delete": false
              }
            ],
            "website": [],
            "website_domain": null,
            "website_endpoint": null
          },
          "sensitive_attributes": [],
          "identity_schema_version": 0,
          "identity": {
            "account_id": "104044935544",
            "bucket": "idriss-backup-bucket-dev",
            "region": "us-east-1"
          },
          "private": "eyJlMmJmYjczMC1lY2FhLTExZTYtOGY4OC0zNDM2M2JjN2M0YzAiOnsiY3JlYXRlIjoxMjAwMDAwMDAwMDAwLCJkZWxldGUiOjM2MDAwMDAwMDAwMDAsInJlYWQiOjEyMDAwMDAwMDAwMDAsInVwZGF0ZSI6MTIwMDAwMDAwMDAwMH19"
        }
      ]
    },
    {
      "mode": "managed",
      "type": "aws_security_group",
      "name": "ec2_sg",
      "provider": "provider[\"registry.terraform.io/hashicorp/aws\"]",
      "instances": [
        {
          "schema_version": 1,
          "attributes": {
            "arn": "arn:aws:ec2:us-east-1:104044935544:security-group/sg-019eed8a17fd48635",
            "description": "Allow SSM Session Manager access (no SSH required)",
            "egress": [
              {
                "cidr_blocks": [
                  "0.0.0.0/0"
                ],
                "description": "",
                "from_port": 0,
                "ipv6_cidr_blocks": [],
                "prefix_list_ids": [],
                "protocol": "-1",
                "security_groups": [],
                "self": false,
                "to_port": 0
              }
            ],
            "id": "sg-019eed8a17fd48635",
            "ingress": [],
            "name": "ec2_sg_dev",
            "name_prefix": "",
            "owner_id": "104044935544",
            "region": "us-east-1",
            "revoke_rules_on_delete": false,
            "tags": null,
            "tags_all": {},
            "timeouts": null,
            "vpc_id": "vpc-063ec1af8c7663581"
          },
          "sensitive_attributes": [],
          "identity_schema_version": 0,
          "identity": {
            "account_id": "104044935544",
            "id": "sg-019eed8a17fd48635",
            "region": "us-east-1"
          },
          "private": "eyJlMmJmYjczMC1lY2FhLTExZTYtOGY4OC0zNDM2M2JjN2M0YzAiOnsiY3JlYXRlIjo2MDAwMDAwMDAwMDAsImRlbGV0ZSI6OTAwMDAwMDAwMDAwfSwic2NoZW1hX3ZlcnNpb24iOiIxIn0=",
          "dependencies": [
            "aws_vpc.fallback",
            "data.aws_vpc.selected",
            "data.aws_vpcs.by_name"
          ]
        }
      ]
    },
    {
      "mode": "managed",
      "type": "aws_security_group",
      "name": "vpc_endpoint",
      "provider": "provider[\"registry.terraform.io/hashicorp/aws\"]",
      "instances": [
        {
          "index_key": 0,
          "schema_version": 1,
          "attributes": {
            "arn": "arn:aws:ec2:us-east-1:104044935544:security-group/sg-0beab79533f5cd620",
            "description": "Allow HTTPS traffic to VPC endpoints",
            "egress": [
              {
                "cidr_blocks": [
                  "0.0.0.0/0"
                ],
                "description": "",
                "from_port": 0,
                "ipv6_cidr_blocks": [],
                "prefix_list_ids": [],
                "protocol": "-1",
                "security_groups": [],
                "self": false,
                "to_port": 0
              }
            ],
            "id": "sg-0beab79533f5cd620",
            "ingress": [
              {
                "cidr_blocks": [
                  "10.0.0.0/16"
                ],
                "description": "",
                "from_port": 443,
                "ipv6_cidr_blocks": [],
                "prefix_list_ids": [],
                "protocol": "tcp",
                "security_groups": [],
                "self": false,
                "to_port": 443
              }
            ],
            "name": "vpc-endpoint-sg-dev",
            "name_prefix": "",
            "owner_id": "104044935544",
            "region": "us-east-1",
            "revoke_rules_on_delete": false,
            "tags": {
              "Name": "vpc-endpoint-sg"
            },
            "tags_all": {
              "Name": "vpc-endpoint-sg"
            },
            "timeouts": null,
            "vpc_id": "vpc-063ec1af8c7663581"
          },
          "sensitive_attributes": [],
          "identity_schema_version": 0,
          "identity": {
            "account_id": "104044935544",
            "id": "sg-0beab79533f5cd620",
            "region": "us-east-1"
          },
          "private": "eyJlMmJmYjczMC1lY2FhLTExZTYtOGY4OC0zNDM2M2JjN2M0YzAiOnsiY3JlYXRlIjo2MDAwMDAwMDAwMDAsImRlbGV0ZSI6OTAwMDAwMDAwMDAwfSwic2NoZW1hX3ZlcnNpb24iOiIxIn0=",
          "dependencies": [
            "aws_vpc.fallback",
            "data.aws_vpc.selected",
            "data.aws_vpcs.by_name"
          ]
        }
      ]
    },
    {
      "mode": "managed",
      "type": "aws_subnet",
      "name": "fallback",
      "provider": "provider[\"registry.terraform.io/hashicorp/aws\"]",
      "instances": [
        {
          "index_key": 0,
          "schema_version": 1,
          "attributes": {
            "arn": "arn:aws:ec2:us-east-1:104044935544:subnet/subnet-0f955c0d6e0309be3",
            "assign_ipv6_address_on_creation": false,
            "availability_zone": "us-east-1d",
            "availability_zone_id": "use1-az2",
            "cidr_block": "10.0.1.0/24",
            "customer_owned_ipv4_pool": "",
            "enable_dns64": false,
            "enable_lni_at_device_index": 0,
            "enable_resource_name_dns_a_record_on_launch": false,
            "enable_resource_name_dns_aaaa_record_on_launch": false,
            "id": "subnet-0f955c0d6e0309be3",
            "ipv6_cidr_block": "",
            "ipv6_cidr_block_association_id": "",
            "ipv6_native": false,
            "map_customer_owned_ip_on_launch": false,
            "map_public_ip_on_launch": false,
            "outpost_arn": "",
            "owner_id": "104044935544",
            "private_dns_hostname_type_on_launch": "ip-name",
            "region": "us-east-1",
            "tags": {
              "Name": "MySubnet"
            },
            "tags_all": {
              "Name": "MySubnet"
            },
            "timeouts": null,
            "vpc_id": "vpc-063ec1af8c7663581"
          },
          "sensitive_attributes": [],
          "identity_schema_version": 0,
          "identity": {
            "account_id": "104044935544",
            "id": "subnet-0f955c0d6e0309be3",
            "region": "us-east-1"
          },
          "private": "eyJlMmJmYjczMC1lY2FhLTExZTYtOGY4OC0zNDM2M2JjN2M0YzAiOnsiY3JlYXRlIjo2MDAwMDAwMDAwMDAsImRlbGV0ZSI6MTIwMDAwMDAwMDAwMH0sInNjaGVtYV92ZXJzaW9uIjoiMSJ9",
          "dependencies": [
            "aws_vpc.fallback",
            "data.aws_vpc.selected",
            "data.aws_vpcs.by_name"
          ]
        }
      ]
    },
    {
      "mode": "managed",
      "type": "aws_vpc",
      "name": "fallback",
      "provider": "provider[\"registry.terraform.io/hashicorp/aws\"]",
      "instances": [
        {
          "index_key": 0,
          "schema_version": 1,
          "attributes": {
            "arn": "arn:aws:ec2:us-east-1:104044935544:vpc/vpc-063ec1af8c7663581",
            "assign_generated_ipv6_cidr_block": false,
            "cidr_block": "10.0.0.0/16",
            "default_network_acl_id": "acl-0ac3a729419428227",
            "default_route_table_id": "rtb-034c3b9bf64d24991",
            "default_security_group_id": "sg-08a47c298d26893bb",
            "dhcp_options_id": "dopt-01908de0bac619dd0",
            "enable_dns_hostnames": true,
            "enable_dns_support": true,
            "enable_network_address_usage_metrics": false,
            "id": "vpc-063ec1af8c7663581",
            "instance_tenancy": "default",
            "ipv4_ipam_pool_id": null,
            "ipv4_netmask_length": null,
            "ipv6_association_id": "",
            "ipv6_cidr_block": "",
            "ipv6_cidr_block_network_border_group": "",
            "ipv6_ipam_pool_id": "",
            "ipv6_netmask_length": 0,
            "main_route_table_id": "rtb-034c3b9bf64d24991",
            "owner_id": "104044935544",
            "region": "us-east-1",
            "tags": {
              "Name": "MyVPC"
            },
            "tags_all": {
              "Name": "MyVPC"
            }
          },
          "sensitive_attributes": [],
          "identity_schema_version": 0,
          "identity": {
            "account_id": "104044935544",
            "id": "vpc-063ec1af8c7663581",
            "region": "us-east-1"
          },
          "private": "eyJzY2hlbWFfdmVyc2lvbiI6IjEifQ==",
          "dependencies": [
            "data.aws_vpc.selected",
            "data.aws_vpcs.by_name"
          ]
        }
      ]
    },
    {
      "mode": "managed",
      "type": "aws_vpc_endpoint",
      "name": "ec2_messages",
      "provider": "provider[\"registry.terraform.io/hashicorp/aws\"]",
      "instances": [
        {
          "index_key": 0,
          "schema_version": 0,
          "attributes": {
            "arn": "arn:aws:ec2:us-east-1:104044935544:vpc-endpoint/vpce-05865f71494a28e15",
            "auto_accept": null,
            "cidr_blocks": [],
            "dns_entry": [
              {
                "dns_name": "vpce-05865f71494a28e15-4hr6kwea.ec2messages.us-east-1.vpce.amazonaws.com",
                "hosted_zone_id": "Z7HUB22UULQXV"
              },
              {
                "dns_name": "vpce-05865f71494a28e15-4hr6kwea-us-east-1d.ec2messages.us-east-1.vpce.amazonaws.com",
                "hosted_zone_id": "Z7HUB22UULQXV"
              },
              {
                "dns_name": "ec2messages.us-east-1.amazonaws.com",
                "hosted_zone_id": "Z034756633E6D9QSVWBTV"
              }
            ],
            "dns_options": [
              {
                "dns_record_ip_type": "ipv4",
                "private_dns_only_for_inbound_resolver_endpoint": false
              }
            ],
            "id": "vpce-05865f71494a28e15",
            "ip_address_type": "ipv4",
            "network_interface_ids": [
              "eni-07bd9749fdf18a6a2"
            ],
            "owner_id": "104044935544",
            "policy": "{\"Statement\":[{\"Action\":\"*\",\"Effect\":\"Allow\",\"Principal\":\"*\",\"Resource\":\"*\"}]}",
            "prefix_list_id": null,
            "private_dns_enabled": true,
            "region": "us-east-1",
            "requester_managed": false,
            "resource_configuration_arn": "",
            "route_table_ids": [],
            "security_group_ids": [
              "sg-0beab79533f5cd620"
            ],
            "service_name": "com.amazonaws.us-east-1.ec2messages",
            "service_network_arn": "",
            "service_region": "us-east-1",
            "state": "available",
            "subnet_configuration": [
              {
                "ipv4": "10.0.1.15",
                "ipv6": "",
                "subnet_id": "subnet-0f955c0d6e0309be3"
              }
            ],
            "subnet_ids": [
              "subnet-0f955c0d6e0309be3"
            ],
            "tags": {
              "Name": "ec2-messages-endpoint"
            },
            "tags_all": {
              "Name": "ec2-messages-endpoint"
            },
            "timeouts": null,
            "vpc_endpoint_type": "Interface",
            "vpc_id": "vpc-063ec1af8c7663581"
          },
          "sensitive_attributes": [],
          "identity_schema_version": 0,
          "identity": {
            "account_id": "104044935544",
            "id": "vpce-05865f71494a28e15",
            "region": "us-east-1"
          },
          "private": "eyJlMmJmYjczMC1lY2FhLTExZTYtOGY4OC0zNDM2M2JjN2M0YzAiOnsiY3JlYXRlIjo2MDAwMDAwMDAwMDAsImRlbGV0ZSI6NjAwMDAwMDAwMDAwLCJ1cGRhdGUiOjYwMDAwMDAwMDAwMH19",
          "dependencies": [
            "aws_security_group.vpc_endpoint",
            "aws_subnet.fallback",
            "aws_vpc.fallback",
            "data.aws_vpc.selected",
            "data.aws_vpcs.by_name"
          ]
        }
      ]
    },
    {
      "mode": "managed",
      "type": "aws_vpc_endpoint",
      "name": "ssm",
      "provider": "provider[\"registry.terraform.io/hashicorp/aws\"]",
      "instances": [
        {
          "index_key": 0,
          "schema_version": 0,
          "attributes": {
            "arn": "arn:aws:ec2:us-east-1:104044935544:vpc-endpoint/vpce-0cc98c2782a67f8c3",
            "auto_accept": null,
            "cidr_blocks": [],
            "dns_entry": [
              {
                "dns_name": "vpce-0cc98c2782a67f8c3-zmgxx28r.ssm.us-east-1.vpce.amazonaws.com",
                "hosted_zone_id": "Z7HUB22UULQXV"
              },
              {
                "dns_name": "vpce-0cc98c2782a67f8c3-zmgxx28r-us-east-1d.ssm.us-east-1.vpce.amazonaws.com",
                "hosted_zone_id": "Z7HUB22UULQXV"
              },
              {
                "dns_name": "ssm.us-east-1.amazonaws.com",
                "hosted_zone_id": "Z03481333ECHOGBNNTCHT"
              },
              {
                "dns_name": "ssm.us-east-1.api.aws",
                "hosted_zone_id": "Z03459562D595UIZX7FVB"
              }
            ],
            "dns_options": [
              {
                "dns_record_ip_type": "ipv4",
                "private_dns_only_for_inbound_resolver_endpoint": false
              }
            ],
            "id": "vpce-0cc98c2782a67f8c3",
            "ip_address_type": "ipv4",
            "network_interface_ids": [
              "eni-06be8625817ccc69b"
            ],
            "owner_id": "104044935544",
            "policy": "{\"Statement\":[{\"Action\":\"*\",\"Effect\":\"Allow\",\"Principal\":\"*\",\"Resource\":\"*\"}]}",
            "prefix_list_id": null,
            "private_dns_enabled": true,
            "region": "us-east-1",
            "requester_managed": false,
            "resource_configuration_arn": "",
            "route_table_ids": [],
            "security_group_ids": [
              "sg-0beab79533f5cd620"
            ],
            "service_name": "com.amazonaws.us-east-1.ssm",
            "service_network_arn": "",
            "service_region": "us-east-1",
            "state": "available",
            "subnet_configuration": [
              {
                "ipv4": "10.0.1.252",
                "ipv6": "",
                "subnet_id": "subnet-0f955c0d6e0309be3"
              }
            ],
            "subnet_ids": [
              "subnet-0f955c0d6e0309be3"
            ],
            "tags": {
              "Name": "ssm-endpoint"
            },
            "tags_all": {
              "Name": "ssm-endpoint"
            },
            "timeouts": null,
            "vpc_endpoint_type": "Interface",
            "vpc_id": "vpc-063ec1af8c7663581"
          },
          "sensitive_attributes": [],
          "identity_schema_version": 0,
          "identity": {
            "account_id": "104044935544",
            "id": "vpce-0cc98c2782a67f8c3",
            "region": "us-east-1"
          },
          "private": "eyJlMmJmYjczMC1lY2FhLTExZTYtOGY4OC0zNDM2M2JjN2M0YzAiOnsiY3JlYXRlIjo2MDAwMDAwMDAwMDAsImRlbGV0ZSI6NjAwMDAwMDAwMDAwLCJ1cGRhdGUiOjYwMDAwMDAwMDAwMH19",
          "dependencies": [
            "aws_security_group.vpc_endpoint",
            "aws_subnet.fallback",
            "aws_vpc.fallback",
            "data.aws_vpc.selected",
            "data.aws_vpcs.by_name"
          ]
        }
      ]
    },
    {
      "mode": "managed",
      "type": "aws_vpc_endpoint",
      "name": "ssm_messages",
      "provider": "provider[\"registry.terraform.io/hashicorp/aws\"]",
      "instances": [
        {
          "index_key": 0,
          "schema_version": 0,
          "attributes": {
            "arn": "arn:aws:ec2:us-east-1:104044935544:vpc-endpoint/vpce-06eb6db426e5074e1",
            "auto_accept": null,
            "cidr_blocks": [],
            "dns_entry": [
              {
                "dns_name": "vpce-06eb6db426e5074e1-k5pfawaz.ssmmessages.us-east-1.vpce.amazonaws.com",
                "hosted_zone_id": "Z7HUB22UULQXV"
              },
              {
                "dns_name": "vpce-06eb6db426e5074e1-k5pfawaz-us-east-1d.ssmmessages.us-east-1.vpce.amazonaws.com",
                "hosted_zone_id": "Z7HUB22UULQXV"
              },
              {
                "dns_name": "ssmmessages.us-east-1.amazonaws.com",
                "hosted_zone_id": "Z05335161WX0K1G1KHMDE"
              },
              {
                "dns_name": "ssmmessages.us-east-1.api.aws",
                "hosted_zone_id": "Z05392301011VJ1F2Q5CM"
              }
            ],
            "dns_options": [
              {
                "dns_record_ip_type": "ipv4",
                "private_dns_only_for_inbound_resolver_endpoint": false
              }
            ],
            "id": "vpce-06eb6db426e5074e1",
            "ip_address_type": "ipv4",
            "network_interface_ids": [
              "eni-09ca8c45ac5879030"
            ],
            "owner_id": "104044935544",
            "policy": "{\"Statement\":[{\"Action\":\"*\",\"Effect\":\"Allow\",\"Principal\":\"*\",\"Resource\":\"*\"}]}",
            "prefix_list_id": null,
            "private_dns_enabled": true,
            "region": "us-east-1",
            "requester_managed": false,
            "resource_configuration_arn": "",
            "route_table_ids": [],
            "security_group_ids": [
              "sg-0beab79533f5cd620"
            ],
            "service_name": "com.amazonaws.us-east-1.ssmmessages",
            "service_network_arn": "",
            "service_region": "us-east-1",
            "state": "available",
            "subnet_configuration": [
              {
                "ipv4": "10.0.1.88",
                "ipv6": "",
                "subnet_id": "subnet-0f955c0d6e0309be3"
              }
            ],
            "subnet_ids": [
              "subnet-0f955c0d6e0309be3"
            ],
            "tags": {
              "Name": "ssm-messages-endpoint"
            },
            "tags_all": {
              "Name": "ssm-messages-endpoint"
            },
            "timeouts": null,
            "vpc_endpoint_type": "Interface",
            "vpc_id": "vpc-063ec1af8c7663581"
          },
          "sensitive_attributes": [],
          "identity_schema_version": 0,
          "identity": {
            "account_id": "104044935544",
            "id": "vpce-06eb6db426e5074e1",
            "region": "us-east-1"
          },
          "private": "eyJlMmJmYjczMC1lY2FhLTExZTYtOGY4OC0zNDM2M2JjN2M0YzAiOnsiY3JlYXRlIjo2MDAwMDAwMDAwMDAsImRlbGV0ZSI6NjAwMDAwMDAwMDAwLCJ1cGRhdGUiOjYwMDAwMDAwMDAwMH19",
          "dependencies": [
            "aws_security_group.vpc_endpoint",
            "aws_subnet.fallback",
            "aws_vpc.fallback",
            "data.aws_vpc.selected",
            "data.aws_vpcs.by_name"
          ]
        }
      ]
    }
  ],
  "check_results": null
}
